
Microsoft Visual Studio Solution File, Format Version 12.00
# Visual Studio Version 16
VisualStudioVersion = 16.0.30225.117
MinimumVisualStudioVersion = 10.0.40219.1
Project("{FAE04EC0-301F-11D3-BF4B-00C04F79EFBC}") = "AglDeveloperTest", "AglDeveloperTest.csproj", "{999699A0-73A5-4F52-8B83-1FE660303004}"
EndProject
Project("{FAE04EC0-301F-11D3-BF4B-00C04F79EFBC}") = "AglDeveloperTest.Services", "..\AglDeveloperTest.Services\AglDeveloperTest.Services.csproj", "{26C58C09-0848-4107-8403-406EE61AD2CA}"
EndProject
Project("{FAE04EC0-301F-11D3-BF4B-00C04F79EFBC}") = "AglDeveloperTest.Repositories", "..\AglDeveloperTest.Repositories\AglDeveloperTest.Repositories.csproj", "{88308C7E-6A4F-4AC6-AC61-7CD0DB21194B}"
EndProject
Project("{FAE04EC0-301F-11D3-BF4B-00C04F79EFBC}") = "AglDeveloperTest.Models", "..\AglDeveloperTest.Models\AglDeveloperTest.Models.csproj", "{7C7E3754-35E5-4284-A031-8E888581CCC4}"
EndProject
Global
	GlobalSection(SolutionConfigurationPlatforms) = preSolution
		Debug|Any CPU = Debug|Any CPU
		Release|Any CPU = Release|Any CPU
	EndGlobalSection
	GlobalSection(ProjectConfigurationPlatforms) = postSolution
		{999699A0-73A5-4F52-8B83-1FE660303004}.Debug|Any CPU.ActiveCfg = Debug|Any CPU
		{999699A0-73A5-4F52-8B83-1FE660303004}.Debug|Any CPU.Build.0 = Debug|Any CPU
		{999699A0-73A5-4F52-8B83-1FE660303004}.Release|Any CPU.ActiveCfg = Release|Any CPU
		{999699A0-73A5-4F52-8B83-1FE660303004}.Release|Any CPU.Build.0 = Release|Any CPU
		{26C58C09-0848-4107-8403-406EE61AD2CA}.Debug|Any CPU.ActiveCfg = Debug|Any CPU
		{26C58C09-0848-4107-8403-406EE61AD2CA}.Debug|Any CPU.Build.0 = Debug|Any CPU
		{26C58C09-0848-4107-8403-406EE61AD2CA}.Release|Any CPU.ActiveCfg = Release|Any CPU
		{26C58C09-0848-4107-8403-406EE61AD2CA}.Release|Any CPU.Build.0 = Release|Any CPU
		{88308C7E-6A4F-4AC6-AC61-7CD0DB21194B}.Debug|Any CPU.ActiveCfg = Debug|Any CPU
		{88308C7E-6A4F-4AC6-AC61-7CD0DB21194B}.Debug|Any CPU.Build.0 = Debug|Any CPU
		{88308C7E-6A4F-4AC6-AC61-7CD0DB21194B}.Release|Any CPU.ActiveCfg = Release|Any CPU
		{88308C7E-6A4F-4AC6-AC61-7CD0DB21194B}.Release|Any CPU.Build.0 = Release|Any CPU
		{7C7E3754-35E5-4284-A031-8E888581CCC4}.Debug|Any CPU.ActiveCfg = Debug|Any CPU
		{7C7E3754-35E5-4284-A031-8E888581CCC4}.Debug|Any CPU.Build.0 = Debug|Any CPU
		{7C7E3754-35E5-4284-A031-8E888581CCC4}.Release|Any CPU.ActiveCfg = Release|Any CPU
		{7C7E3754-35E5-4284-A031-8E888581CCC4}.Release|Any CPU.Build.0 = Release|Any CPU
	EndGlobalSection
	GlobalSection(SolutionProperties) = preSolution
		HideSolutionNode = FALSE
	EndGlobalSection
	GlobalSection(ExtensibilityGlobals) = postSolution
		SolutionGuid = {27840DF4-C7B6-4C54-B9B6-340EEC139E76}
	EndGlobalSection
EndGlobal
